
Microsoft Visual Studio Solution File, Format Version 12.00
# Visual Studio Version 17
VisualStudioVersion = 17.1.32421.90
MinimumVisualStudioVersion = 10.0.40219.1
Project("{9A19103F-16F7-4668-BE54-9A1E7A4F7556}") = "Wasenshi.HemoDialysisPro.Web.Api", "Wasenshi.HemoDialysisPro.Web.Api\Wasenshi.HemoDialysisPro.Web.Api.csproj", "{11AB29F1-41E8-4F60-B816-DAACC24545BB}"
EndProject
Project("{9A19103F-16F7-4668-BE54-9A1E7A4F7556}") = "Wasenshi.HemoDialysisPro.Maps", "Wasenshi.HemoDialysisPro.Maps\Wasenshi.HemoDialysisPro.Maps.csproj", "{A11802AF-06F3-45C6-8150-AF38B1A48FB2}"
EndProject
Project("{9A19103F-16F7-4668-BE54-9A1E7A4F7556}") = "Wasenshi.HemoDialysisPro.Services", "Wasenshi.HemoDialysisPro.Services\Wasenshi.HemoDialysisPro.Services.csproj", "{EF63D05B-C3BD-4FFB-A08C-D621E8422FF2}"
EndProject
Project("{9A19103F-16F7-4668-BE54-9A1E7A4F7556}") = "Wasenshi.HemoDialysisPro.Models", "Wasenshi.HemoDialysisPro.Models\Wasenshi.HemoDialysisPro.Models.csproj", "{07126997-38CD-4B7D-8738-65B53F60FAA0}"
EndProject
Project("{9A19103F-16F7-4668-BE54-9A1E7A4F7556}") = "Wasenshi.HemoDialysisPro.ViewModels", "Wasenshi.HemoDialysisPro.ViewModels\Wasenshi.HemoDialysisPro.ViewModels.csproj", "{407155DB-27A3-4452-A2F5-65FB7BAA02D5}"
EndProject
Project("{9A19103F-16F7-4668-BE54-9A1E7A4F7556}") = "Wasenshi.HemoDialysisPro.Repositories", "Wasenshi.HemoDialysisPro.Repositories\Wasenshi.HemoDialysisPro.Repositories.csproj", "{CA961BE0-1299-41F9-93DC-D3D21A66A420}"
EndProject
Project("{2150E333-8FDC-42A3-9474-1A3956D46DE8}") = "Tests", "Tests", "{BE6C6DCE-C632-4106-919D-5A314F22B9AD}"
EndProject
Project("{9A19103F-16F7-4668-BE54-9A1E7A4F7556}") = "Wasenshi.HemoDialysisPro.Test", "Wasenshi.HemoDialysisPro.Test\Wasenshi.HemoDialysisPro.Test.csproj", "{6DFCCA28-2964-4D75-BAEB-E266D6F981B3}"
EndProject
Project("{9A19103F-16F7-4668-BE54-9A1E7A4F7556}") = "Wasenshi.HemoDialysisPro.Repositories.Test", "Wasenshi.HemoDialysisPro.Repositories.Test\Wasenshi.HemoDialysisPro.Repositories.Test.csproj", "{123B62FF-9CDA-4ED9-9F53-42878700A13E}"
EndProject
Project("{9A19103F-16F7-4668-BE54-9A1E7A4F7556}") = "Wasenshi.HemoDialysisPro.Services.Test", "Wasenshi.HemoDialysisPro.Services.Test\Wasenshi.HemoDialysisPro.Services.Test.csproj", "{B82A4E4F-B6C3-4581-B6FA-ED9E25EFA222}"
EndProject
Project("{E53339B2-1760-4266-BCC7-CA923CBCF16C}") = "docker-compose", "docker-compose.dcproj", "{7D04425F-3AB3-4BE1-A049-C98FB89F1786}"
EndProject
Project("{2150E333-8FDC-42A3-9474-1A3956D46DE8}") = "Utilities", "Utilities", "{693BA7FC-B54F-4FBC-BFB1-D054A5AB3661}"
EndProject
Project("{9A19103F-16F7-4668-BE54-9A1E7A4F7556}") = "Wasenshi.AuthPolicy", "..\AuthPolicy\Wasenshi.AuthPolicy\Wasenshi.AuthPolicy.csproj", "{CA93EA68-688E-4E3C-BDA6-7EE199F95855}"
EndProject
Project("{9A19103F-16F7-4668-BE54-9A1E7A4F7556}") = "Wasenshi.HemoDialysisPro.Utils", "Wasenshi.HemoDialysisPro.Utils\Wasenshi.HemoDialysisPro.Utils.csproj", "{013FBE39-2065-4360-91A7-AA15E13BB85C}"
EndProject
Project("{2150E333-8FDC-42A3-9474-1A3956D46DE8}") = "AuthPolicy", "AuthPolicy", "{B2D0878E-85D4-4AAB-8F4C-DD88C0240CD5}"
EndProject
Project("{9A19103F-16F7-4668-BE54-9A1E7A4F7556}") = "Wasenshi.AuthPolicy.Test", "..\AuthPolicy\Wasenshi.AuthPolicy.Test\Wasenshi.AuthPolicy.Test.csproj", "{634119B6-2883-4BF4-9D68-089FDD7C8190}"
EndProject
Project("{9A19103F-16F7-4668-BE54-9A1E7A4F7556}") = "Wasenshi.HemoDialysisPro.Report", "Wasenshi.HemoDialysisPro.Report\Wasenshi.HemoDialysisPro.Report.csproj", "{9B7FD2DF-BF5E-448E-A7A3-03F97CB74FA7}"
EndProject
Project("{9A19103F-16F7-4668-BE54-9A1E7A4F7556}") = "Wasenshi.HemoDialysisPro.Report.Api", "Wasenshi.HemoDialysisPro.Report.Api\Wasenshi.HemoDialysisPro.Report.Api.csproj", "{DCAB6A80-044B-426B-81AE-F325AC2CDBAA}"
EndProject
Project("{2150E333-8FDC-42A3-9474-1A3956D46DE8}") = "CsvHelper.Excel", "CsvHelper.Excel", "{3B4BE888-1E5B-475C-A878-4280CD86077A}"
EndProject
Project("{9A19103F-16F7-4668-BE54-9A1E7A4F7556}") = "CsvHelper.Excel", "..\CsvHelper.Excel\src\CsvHelper.Excel\CsvHelper.Excel.csproj", "{F3C23DC1-95EB-4B42-8F7C-30D1B0B4B92A}"
EndProject
Project("{9A19103F-16F7-4668-BE54-9A1E7A4F7556}") = "Wasenshi.HemoDialysisPro.Utils.Test", "Wasenshi.HemoDialysisPro.Utils.Test\Wasenshi.HemoDialysisPro.Utils.Test.csproj", "{B40E8E99-72EB-416D-9F12-D8F30FAE5DE7}"
EndProject
Project("{9A19103F-16F7-4668-BE54-9A1E7A4F7556}") = "Wasenshi.HemoDialysisPro.Jobs", "Wasenshi.HemoDialysisPro.Jobs\Wasenshi.HemoDialysisPro.Jobs.csproj", "{9695A0B2-CCAC-4C68-8B7E-F96465BEFE2F}"
EndProject
Project("{2150E333-8FDC-42A3-9474-1A3956D46DE8}") = "DataAndRepositories", "DataAndRepositories", "{7A3D5CE0-128E-4F20-B734-4299FB08E23E}"
EndProject
Project("{9A19103F-16F7-4668-BE54-9A1E7A4F7556}") = "Wasenshi.HemoDialysisPro.Repository.Core", "Wasenshi.HemoDialysisPro.Repository.Core\Wasenshi.HemoDialysisPro.Repository.Core.csproj", "{D7C6B7AA-1A8C-44AA-B717-60FC4960737E}"
EndProject
Project("{9A19103F-16F7-4668-BE54-9A1E7A4F7556}") = "Wasenshi.HemoDialysisPro.Models.AspNet", "Wasenshi.HemoDialysisPro.Models.AspNet\Wasenshi.HemoDialysisPro.Models.AspNet.csproj", "{3A9510F9-7607-42C4-9311-69E4BF10BEA7}"
EndProject
Project("{2150E333-8FDC-42A3-9474-1A3956D46DE8}") = "ServicesAndBusinessLogic", "ServicesAndBusinessLogic", "{9239E0AA-4617-4CA9-ADA3-7E6A9B92971A}"
EndProject
Project("{9A19103F-16F7-4668-BE54-9A1E7A4F7556}") = "Wasenshi.HemoDialysisPro.Services.Core", "Wasenshi.HemoDialysisPro.Services.Core\Wasenshi.HemoDialysisPro.Services.Core.csproj", "{8025A085-63DB-4425-898B-AB735702C7F3}"
EndProject
Project("{9A19103F-16F7-4668-BE54-9A1E7A4F7556}") = "Wasenshi.HemoDialysisPro.Share", "Wasenshi.HemoDialysisPro.Share\Wasenshi.HemoDialysisPro.Share.csproj", "{8F4E3DC0-E64A-4E2D-BA9A-914165252D58}"
EndProject
Project("{2150E333-8FDC-42A3-9474-1A3956D46DE8}") = "ServiceStack", "ServiceStack", "{DE324CFC-8B12-4DF3-81FE-5A1022ADF6FE}"
EndProject
Project("{9A19103F-16F7-4668-BE54-9A1E7A4F7556}") = "ServiceStack.Interfaces.Core", "..\ServiceStack\ServiceStack\src\ServiceStack.Interfaces\ServiceStack.Interfaces.Core.csproj", "{A3F59DA4-4937-4C40-A65A-F334CB9EFE75}"
EndProject
Project("{9A19103F-16F7-4668-BE54-9A1E7A4F7556}") = "ServiceStack.Common.Core", "..\ServiceStack\ServiceStack\src\ServiceStack.Common\ServiceStack.Common.Core.csproj", "{688CFEEF-AD73-4237-BA9B-CE673CFB2090}"
EndProject
Project("{9A19103F-16F7-4668-BE54-9A1E7A4F7556}") = "ServiceStack.Client.Core", "..\ServiceStack\ServiceStack\src\ServiceStack.Client\ServiceStack.Client.Core.csproj", "{98F6726D-A0F5-47CA-ADA1-9E77AD96B7D9}"
EndProject
Project("{9A19103F-16F7-4668-BE54-9A1E7A4F7556}") = "ServiceStack.Text.Core", "..\ServiceStack\ServiceStack.Text\src\ServiceStack.Text\ServiceStack.Text.Core.csproj", "{E7482A61-D9EA-414F-9B4D-6650557EEFB5}"
EndProject
Project("{9A19103F-16F7-4668-BE54-9A1E7A4F7556}") = "ServiceStack.Redis.Core", "..\ServiceStack\ServiceStack.Redis\src\ServiceStack.Redis\ServiceStack.Redis.Core.csproj", "{01D22934-C475-40DF-9DA8-EA2F8F2BA247}"
EndProject
Project("{9A19103F-16F7-4668-BE54-9A1E7A4F7556}") = "ServiceStack.RedisMq", "..\ServiceStack\ServiceStack.RedisMq\ServiceStack.RedisMq.csproj", "{F3731469-304B-4681-A8D0-BD19D36D9D93}"
EndProject
Project("{9A19103F-16F7-4668-BE54-9A1E7A4F7556}") = "Wasenshi.HemoDialysisPro.JobServer", "Wasenshi.HemoDialysisPro.JobServer\Wasenshi.HemoDialysisPro.JobServer.csproj", "{CDC6C7C1-E634-48AE-8E10-D764E9C33D1F}"
EndProject
Project("{9A19103F-16F7-4668-BE54-9A1E7A4F7556}") = "Wasenshi.HemoDialysisPro.WebUtils", "Wasenshi.HemoDialysisPro.WebUtils\Wasenshi.HemoDialysisPro.WebUtils.csproj", "{CB0A3B3B-06BE-4663-9E66-2A575E8077E2}"
EndProject
Project("{2150E333-8FDC-42A3-9474-1A3956D46DE8}") = "EFCoreExtension", "EFCoreExtension", "{A8B209D2-6A41-4B38-BD94-21071E3CF021}"
EndProject
Project("{9A19103F-16F7-4668-BE54-9A1E7A4F7556}") = "Zomp.EFCore.WindowFunctions.Npgsql", "..\EFCoreExtensions\src\Zomp.EFCore.WindowFunctions.Npgsql\Zomp.EFCore.WindowFunctions.Npgsql.csproj", "{B434BD99-6A44-4A4D-8126-3AC39B0F323F}"
EndProject
Project("{9A19103F-16F7-4668-BE54-9A1E7A4F7556}") = "Zomp.EFCore.WindowFunctions", "..\EFCoreExtensions\src\Zomp.EFCore.WindowFunctions\Zomp.EFCore.WindowFunctions.csproj", "{F9DFA8A4-2423-47D9-949D-A03E9797216F}"
EndProject
Project("{9A19103F-16F7-4668-BE54-9A1E7A4F7556}") = "Wasenshi.HemoDialysisPro.PluginBase", "PluginBase\Wasenshi.HemoDialysisPro.PluginBase.csproj", "{3306913D-BC92-43EF-AF58-4780334B4A53}"
EndProject
Project("{2150E333-8FDC-42A3-9474-1A3956D46DE8}") = "Plugin", "Plugin", "{982FD9C8-AA6A-400C-A2A3-6400E62744E8}"
EndProject
Project("{9A19103F-16F7-4668-BE54-9A1E7A4F7556}") = "Wasenshi.HemoDialysisPro.PluginIntegrate", "Wasenshi.HemoDialysisPro.PluginIntegrate\Wasenshi.HemoDialysisPro.PluginIntegrate.csproj", "{5CB0B8FB-A2E6-4186-BC6C-E7F9413ED19E}"
EndProject
Project("{9A19103F-16F7-4668-BE54-9A1E7A4F7556}") = "Wasenshi.HemoDialysisPro.Repository.Interfaces", "Wasenshi.HemoDialysisPro.Repository.Interfaces\Wasenshi.HemoDialysisPro.Repository.Interfaces.csproj", "{3B13A90A-5C17-451D-97EA-A55A7608DAAD}"
EndProject
Project("{FAE04EC0-301F-11D3-BF4B-00C04F79EFBC}") = "Wasenshi.HemoDialysisPro.Constants", "Wasenshi.HemoDialysisPro.Constants\Wasenshi.HemoDialysisPro.Constants.csproj", "{113C2F9E-3E73-464A-BEB3-A40A3A3E0890}"
EndProject
Global
	GlobalSection(SolutionConfigurationPlatforms) = preSolution
		Debug|Any CPU = Debug|Any CPU
		Release|Any CPU = Release|Any CPU
		UNIT_TEST|Any CPU = UNIT_TEST|Any CPU
	EndGlobalSection
	GlobalSection(ProjectConfigurationPlatforms) = postSolution
		{11AB29F1-41E8-4F60-B816-DAACC24545BB}.Debug|Any CPU.ActiveCfg = Debug|Any CPU
		{11AB29F1-41E8-4F60-B816-DAACC24545BB}.Debug|Any CPU.Build.0 = Debug|Any CPU
		{11AB29F1-41E8-4F60-B816-DAACC24545BB}.Release|Any CPU.ActiveCfg = Release|Any CPU
		{11AB29F1-41E8-4F60-B816-DAACC24545BB}.Release|Any CPU.Build.0 = Release|Any CPU
		{11AB29F1-41E8-4F60-B816-DAACC24545BB}.UNIT_TEST|Any CPU.ActiveCfg = UNIT_TEST|Any CPU
		{11AB29F1-41E8-4F60-B816-DAACC24545BB}.UNIT_TEST|Any CPU.Build.0 = UNIT_TEST|Any CPU
		{A11802AF-06F3-45C6-8150-AF38B1A48FB2}.Debug|Any CPU.ActiveCfg = Debug|Any CPU
		{A11802AF-06F3-45C6-8150-AF38B1A48FB2}.Debug|Any CPU.Build.0 = Debug|Any CPU
		{A11802AF-06F3-45C6-8150-AF38B1A48FB2}.Release|Any CPU.ActiveCfg = Release|Any CPU
		{A11802AF-06F3-45C6-8150-AF38B1A48FB2}.Release|Any CPU.Build.0 = Release|Any CPU
		{A11802AF-06F3-45C6-8150-AF38B1A48FB2}.UNIT_TEST|Any CPU.ActiveCfg = UNIT_TEST|Any CPU
		{A11802AF-06F3-45C6-8150-AF38B1A48FB2}.UNIT_TEST|Any CPU.Build.0 = UNIT_TEST|Any CPU
		{EF63D05B-C3BD-4FFB-A08C-D621E8422FF2}.Debug|Any CPU.ActiveCfg = Debug|Any CPU
		{EF63D05B-C3BD-4FFB-A08C-D621E8422FF2}.Debug|Any CPU.Build.0 = Debug|Any CPU
		{EF63D05B-C3BD-4FFB-A08C-D621E8422FF2}.Release|Any CPU.ActiveCfg = Release|Any CPU
		{EF63D05B-C3BD-4FFB-A08C-D621E8422FF2}.Release|Any CPU.Build.0 = Release|Any CPU
		{EF63D05B-C3BD-4FFB-A08C-D621E8422FF2}.UNIT_TEST|Any CPU.ActiveCfg = UNIT_TEST|Any CPU
		{EF63D05B-C3BD-4FFB-A08C-D621E8422FF2}.UNIT_TEST|Any CPU.Build.0 = UNIT_TEST|Any CPU
		{07126997-38CD-4B7D-8738-65B53F60FAA0}.Debug|Any CPU.ActiveCfg = Debug|Any CPU
		{07126997-38CD-4B7D-8738-65B53F60FAA0}.Debug|Any CPU.Build.0 = Debug|Any CPU
		{07126997-38CD-4B7D-8738-65B53F60FAA0}.Release|Any CPU.ActiveCfg = Release|Any CPU
		{07126997-38CD-4B7D-8738-65B53F60FAA0}.Release|Any CPU.Build.0 = Release|Any CPU
		{07126997-38CD-4B7D-8738-65B53F60FAA0}.UNIT_TEST|Any CPU.ActiveCfg = UNIT_TEST|Any CPU
		{07126997-38CD-4B7D-8738-65B53F60FAA0}.UNIT_TEST|Any CPU.Build.0 = UNIT_TEST|Any CPU
		{407155DB-27A3-4452-A2F5-65FB7BAA02D5}.Debug|Any CPU.ActiveCfg = Debug|Any CPU
		{407155DB-27A3-4452-A2F5-65FB7BAA02D5}.Debug|Any CPU.Build.0 = Debug|Any CPU
		{407155DB-27A3-4452-A2F5-65FB7BAA02D5}.Release|Any CPU.ActiveCfg = Release|Any CPU
		{407155DB-27A3-4452-A2F5-65FB7BAA02D5}.Release|Any CPU.Build.0 = Release|Any CPU
		{407155DB-27A3-4452-A2F5-65FB7BAA02D5}.UNIT_TEST|Any CPU.ActiveCfg = UNIT_TEST|Any CPU
		{407155DB-27A3-4452-A2F5-65FB7BAA02D5}.UNIT_TEST|Any CPU.Build.0 = UNIT_TEST|Any CPU
		{CA961BE0-1299-41F9-93DC-D3D21A66A420}.Debug|Any CPU.ActiveCfg = Debug|Any CPU
		{CA961BE0-1299-41F9-93DC-D3D21A66A420}.Debug|Any CPU.Build.0 = Debug|Any CPU
		{CA961BE0-1299-41F9-93DC-D3D21A66A420}.Release|Any CPU.ActiveCfg = Release|Any CPU
		{CA961BE0-1299-41F9-93DC-D3D21A66A420}.Release|Any CPU.Build.0 = Release|Any CPU
		{CA961BE0-1299-41F9-93DC-D3D21A66A420}.UNIT_TEST|Any CPU.ActiveCfg = UNIT_TEST|Any CPU
		{CA961BE0-1299-41F9-93DC-D3D21A66A420}.UNIT_TEST|Any CPU.Build.0 = UNIT_TEST|Any CPU
		{6DFCCA28-2964-4D75-BAEB-E266D6F981B3}.Debug|Any CPU.ActiveCfg = Debug|Any CPU
		{6DFCCA28-2964-4D75-BAEB-E266D6F981B3}.Debug|Any CPU.Build.0 = Debug|Any CPU
		{6DFCCA28-2964-4D75-BAEB-E266D6F981B3}.Release|Any CPU.ActiveCfg = Release|Any CPU
		{6DFCCA28-2964-4D75-BAEB-E266D6F981B3}.Release|Any CPU.Build.0 = Release|Any CPU
		{6DFCCA28-2964-4D75-BAEB-E266D6F981B3}.UNIT_TEST|Any CPU.ActiveCfg = UNIT_TEST|Any CPU
		{6DFCCA28-2964-4D75-BAEB-E266D6F981B3}.UNIT_TEST|Any CPU.Build.0 = UNIT_TEST|Any CPU
		{123B62FF-9CDA-4ED9-9F53-42878700A13E}.Debug|Any CPU.ActiveCfg = Debug|Any CPU
		{123B62FF-9CDA-4ED9-9F53-42878700A13E}.Debug|Any CPU.Build.0 = Debug|Any CPU
		{123B62FF-9CDA-4ED9-9F53-42878700A13E}.Release|Any CPU.ActiveCfg = Release|Any CPU
		{123B62FF-9CDA-4ED9-9F53-42878700A13E}.Release|Any CPU.Build.0 = Release|Any CPU
		{123B62FF-9CDA-4ED9-9F53-42878700A13E}.UNIT_TEST|Any CPU.ActiveCfg = UNIT_TEST|Any CPU
		{123B62FF-9CDA-4ED9-9F53-42878700A13E}.UNIT_TEST|Any CPU.Build.0 = UNIT_TEST|Any CPU
		{B82A4E4F-B6C3-4581-B6FA-ED9E25EFA222}.Debug|Any CPU.ActiveCfg = Debug|Any CPU
		{B82A4E4F-B6C3-4581-B6FA-ED9E25EFA222}.Debug|Any CPU.Build.0 = Debug|Any CPU
		{B82A4E4F-B6C3-4581-B6FA-ED9E25EFA222}.Release|Any CPU.ActiveCfg = Release|Any CPU
		{B82A4E4F-B6C3-4581-B6FA-ED9E25EFA222}.Release|Any CPU.Build.0 = Release|Any CPU
		{B82A4E4F-B6C3-4581-B6FA-ED9E25EFA222}.UNIT_TEST|Any CPU.ActiveCfg = UNIT_TEST|Any CPU
		{B82A4E4F-B6C3-4581-B6FA-ED9E25EFA222}.UNIT_TEST|Any CPU.Build.0 = UNIT_TEST|Any CPU
		{7D04425F-3AB3-4BE1-A049-C98FB89F1786}.Debug|Any CPU.ActiveCfg = Debug|Any CPU
		{7D04425F-3AB3-4BE1-A049-C98FB89F1786}.Debug|Any CPU.Build.0 = Debug|Any CPU
		{7D04425F-3AB3-4BE1-A049-C98FB89F1786}.Release|Any CPU.ActiveCfg = UNIT_TEST|Any CPU
		{7D04425F-3AB3-4BE1-A049-C98FB89F1786}.Release|Any CPU.Build.0 = UNIT_TEST|Any CPU
		{7D04425F-3AB3-4BE1-A049-C98FB89F1786}.UNIT_TEST|Any CPU.ActiveCfg = UNIT_TEST|Any CPU
		{CA93EA68-688E-4E3C-BDA6-7EE199F95855}.Debug|Any CPU.ActiveCfg = Debug|Any CPU
		{CA93EA68-688E-4E3C-BDA6-7EE199F95855}.Debug|Any CPU.Build.0 = Debug|Any CPU
		{CA93EA68-688E-4E3C-BDA6-7EE199F95855}.Release|Any CPU.ActiveCfg = Release|Any CPU
		{CA93EA68-688E-4E3C-BDA6-7EE199F95855}.Release|Any CPU.Build.0 = Release|Any CPU
		{CA93EA68-688E-4E3C-BDA6-7EE199F95855}.UNIT_TEST|Any CPU.ActiveCfg = Release|Any CPU
		{CA93EA68-688E-4E3C-BDA6-7EE199F95855}.UNIT_TEST|Any CPU.Build.0 = Release|Any CPU
		{013FBE39-2065-4360-91A7-AA15E13BB85C}.Debug|Any CPU.ActiveCfg = Debug|Any CPU
		{013FBE39-2065-4360-91A7-AA15E13BB85C}.Debug|Any CPU.Build.0 = Debug|Any CPU
		{013FBE39-2065-4360-91A7-AA15E13BB85C}.Release|Any CPU.ActiveCfg = Release|Any CPU
		{013FBE39-2065-4360-91A7-AA15E13BB85C}.Release|Any CPU.Build.0 = Release|Any CPU
		{013FBE39-2065-4360-91A7-AA15E13BB85C}.UNIT_TEST|Any CPU.ActiveCfg = UNIT_TEST|Any CPU
		{013FBE39-2065-4360-91A7-AA15E13BB85C}.UNIT_TEST|Any CPU.Build.0 = UNIT_TEST|Any CPU
		{634119B6-2883-4BF4-9D68-089FDD7C8190}.Debug|Any CPU.ActiveCfg = Debug|Any CPU
		{634119B6-2883-4BF4-9D68-089FDD7C8190}.Debug|Any CPU.Build.0 = Debug|Any CPU
		{634119B6-2883-4BF4-9D68-089FDD7C8190}.Release|Any CPU.ActiveCfg = Release|Any CPU
		{634119B6-2883-4BF4-9D68-089FDD7C8190}.Release|Any CPU.Build.0 = Release|Any CPU
		{634119B6-2883-4BF4-9D68-089FDD7C8190}.UNIT_TEST|Any CPU.ActiveCfg = Release|Any CPU
		{634119B6-2883-4BF4-9D68-089FDD7C8190}.UNIT_TEST|Any CPU.Build.0 = Release|Any CPU
		{9B7FD2DF-BF5E-448E-A7A3-03F97CB74FA7}.Debug|Any CPU.ActiveCfg = Debug|Any CPU
		{9B7FD2DF-BF5E-448E-A7A3-03F97CB74FA7}.Debug|Any CPU.Build.0 = Debug|Any CPU
		{9B7FD2DF-BF5E-448E-A7A3-03F97CB74FA7}.Release|Any CPU.ActiveCfg = Release|Any CPU
		{9B7FD2DF-BF5E-448E-A7A3-03F97CB74FA7}.Release|Any CPU.Build.0 = Release|Any CPU
		{9B7FD2DF-BF5E-448E-A7A3-03F97CB74FA7}.UNIT_TEST|Any CPU.ActiveCfg = UNIT_TEST|Any CPU
		{9B7FD2DF-BF5E-448E-A7A3-03F97CB74FA7}.UNIT_TEST|Any CPU.Build.0 = UNIT_TEST|Any CPU
		{DCAB6A80-044B-426B-81AE-F325AC2CDBAA}.Debug|Any CPU.ActiveCfg = Debug|Any CPU
		{DCAB6A80-044B-426B-81AE-F325AC2CDBAA}.Debug|Any CPU.Build.0 = Debug|Any CPU
		{DCAB6A80-044B-426B-81AE-F325AC2CDBAA}.Release|Any CPU.ActiveCfg = Release|Any CPU
		{DCAB6A80-044B-426B-81AE-F325AC2CDBAA}.Release|Any CPU.Build.0 = Release|Any CPU
		{DCAB6A80-044B-426B-81AE-F325AC2CDBAA}.UNIT_TEST|Any CPU.ActiveCfg = UNIT_TEST|Any CPU
		{DCAB6A80-044B-426B-81AE-F325AC2CDBAA}.UNIT_TEST|Any CPU.Build.0 = UNIT_TEST|Any CPU
		{F3C23DC1-95EB-4B42-8F7C-30D1B0B4B92A}.Debug|Any CPU.ActiveCfg = Debug|Any CPU
		{F3C23DC1-95EB-4B42-8F7C-30D1B0B4B92A}.Debug|Any CPU.Build.0 = Debug|Any CPU
		{F3C23DC1-95EB-4B42-8F7C-30D1B0B4B92A}.Release|Any CPU.ActiveCfg = Release|Any CPU
		{F3C23DC1-95EB-4B42-8F7C-30D1B0B4B92A}.Release|Any CPU.Build.0 = Release|Any CPU
		{F3C23DC1-95EB-4B42-8F7C-30D1B0B4B92A}.UNIT_TEST|Any CPU.ActiveCfg = Release|Any CPU
		{F3C23DC1-95EB-4B42-8F7C-30D1B0B4B92A}.UNIT_TEST|Any CPU.Build.0 = Release|Any CPU
		{B40E8E99-72EB-416D-9F12-D8F30FAE5DE7}.Debug|Any CPU.ActiveCfg = Debug|Any CPU
		{B40E8E99-72EB-416D-9F12-D8F30FAE5DE7}.Debug|Any CPU.Build.0 = Debug|Any CPU
		{B40E8E99-72EB-416D-9F12-D8F30FAE5DE7}.Release|Any CPU.ActiveCfg = Release|Any CPU
		{B40E8E99-72EB-416D-9F12-D8F30FAE5DE7}.Release|Any CPU.Build.0 = Release|Any CPU
		{B40E8E99-72EB-416D-9F12-D8F30FAE5DE7}.UNIT_TEST|Any CPU.ActiveCfg = UNIT_TEST|Any CPU
		{B40E8E99-72EB-416D-9F12-D8F30FAE5DE7}.UNIT_TEST|Any CPU.Build.0 = UNIT_TEST|Any CPU
		{9695A0B2-CCAC-4C68-8B7E-F96465BEFE2F}.Debug|Any CPU.ActiveCfg = Debug|Any CPU
		{9695A0B2-CCAC-4C68-8B7E-F96465BEFE2F}.Debug|Any CPU.Build.0 = Debug|Any CPU
		{9695A0B2-CCAC-4C68-8B7E-F96465BEFE2F}.Release|Any CPU.ActiveCfg = Release|Any CPU
		{9695A0B2-CCAC-4C68-8B7E-F96465BEFE2F}.Release|Any CPU.Build.0 = Release|Any CPU
		{9695A0B2-CCAC-4C68-8B7E-F96465BEFE2F}.UNIT_TEST|Any CPU.ActiveCfg = UNIT_TEST|Any CPU
		{9695A0B2-CCAC-4C68-8B7E-F96465BEFE2F}.UNIT_TEST|Any CPU.Build.0 = UNIT_TEST|Any CPU
		{D7C6B7AA-1A8C-44AA-B717-60FC4960737E}.Debug|Any CPU.ActiveCfg = Debug|Any CPU
		{D7C6B7AA-1A8C-44AA-B717-60FC4960737E}.Debug|Any CPU.Build.0 = Debug|Any CPU
		{D7C6B7AA-1A8C-44AA-B717-60FC4960737E}.Release|Any CPU.ActiveCfg = Release|Any CPU
		{D7C6B7AA-1A8C-44AA-B717-60FC4960737E}.Release|Any CPU.Build.0 = Release|Any CPU
		{D7C6B7AA-1A8C-44AA-B717-60FC4960737E}.UNIT_TEST|Any CPU.ActiveCfg = UNIT_TEST|Any CPU
		{D7C6B7AA-1A8C-44AA-B717-60FC4960737E}.UNIT_TEST|Any CPU.Build.0 = UNIT_TEST|Any CPU
		{3A9510F9-7607-42C4-9311-69E4BF10BEA7}.Debug|Any CPU.ActiveCfg = Debug|Any CPU
		{3A9510F9-7607-42C4-9311-69E4BF10BEA7}.Debug|Any CPU.Build.0 = Debug|Any CPU
		{3A9510F9-7607-42C4-9311-69E4BF10BEA7}.Release|Any CPU.ActiveCfg = Release|Any CPU
		{3A9510F9-7607-42C4-9311-69E4BF10BEA7}.Release|Any CPU.Build.0 = Release|Any CPU
		{3A9510F9-7607-42C4-9311-69E4BF10BEA7}.UNIT_TEST|Any CPU.ActiveCfg = UNIT_TEST|Any CPU
		{3A9510F9-7607-42C4-9311-69E4BF10BEA7}.UNIT_TEST|Any CPU.Build.0 = UNIT_TEST|Any CPU
		{8025A085-63DB-4425-898B-AB735702C7F3}.Debug|Any CPU.ActiveCfg = Debug|Any CPU
		{8025A085-63DB-4425-898B-AB735702C7F3}.Debug|Any CPU.Build.0 = Debug|Any CPU
		{8025A085-63DB-4425-898B-AB735702C7F3}.Release|Any CPU.ActiveCfg = Release|Any CPU
		{8025A085-63DB-4425-898B-AB735702C7F3}.Release|Any CPU.Build.0 = Release|Any CPU
		{8025A085-63DB-4425-898B-AB735702C7F3}.UNIT_TEST|Any CPU.ActiveCfg = UNIT_TEST|Any CPU
		{8025A085-63DB-4425-898B-AB735702C7F3}.UNIT_TEST|Any CPU.Build.0 = UNIT_TEST|Any CPU
		{8F4E3DC0-E64A-4E2D-BA9A-914165252D58}.Debug|Any CPU.ActiveCfg = Debug|Any CPU
		{8F4E3DC0-E64A-4E2D-BA9A-914165252D58}.Debug|Any CPU.Build.0 = Debug|Any CPU
		{8F4E3DC0-E64A-4E2D-BA9A-914165252D58}.Release|Any CPU.ActiveCfg = Release|Any CPU
		{8F4E3DC0-E64A-4E2D-BA9A-914165252D58}.Release|Any CPU.Build.0 = Release|Any CPU
		{8F4E3DC0-E64A-4E2D-BA9A-914165252D58}.UNIT_TEST|Any CPU.ActiveCfg = UNIT_TEST|Any CPU
		{8F4E3DC0-E64A-4E2D-BA9A-914165252D58}.UNIT_TEST|Any CPU.Build.0 = UNIT_TEST|Any CPU
		{A3F59DA4-4937-4C40-A65A-F334CB9EFE75}.Debug|Any CPU.ActiveCfg = Debug|Any CPU
		{A3F59DA4-4937-4C40-A65A-F334CB9EFE75}.Debug|Any CPU.Build.0 = Debug|Any CPU
		{A3F59DA4-4937-4C40-A65A-F334CB9EFE75}.Release|Any CPU.ActiveCfg = Release|Any CPU
		{A3F59DA4-4937-4C40-A65A-F334CB9EFE75}.Release|Any CPU.Build.0 = Release|Any CPU
		{A3F59DA4-4937-4C40-A65A-F334CB9EFE75}.UNIT_TEST|Any CPU.ActiveCfg = Release|Any CPU
		{A3F59DA4-4937-4C40-A65A-F334CB9EFE75}.UNIT_TEST|Any CPU.Build.0 = Release|Any CPU
		{688CFEEF-AD73-4237-BA9B-CE673CFB2090}.Debug|Any CPU.ActiveCfg = Debug|Any CPU
		{688CFEEF-AD73-4237-BA9B-CE673CFB2090}.Debug|Any CPU.Build.0 = Debug|Any CPU
		{688CFEEF-AD73-4237-BA9B-CE673CFB2090}.Release|Any CPU.ActiveCfg = Release|Any CPU
		{688CFEEF-AD73-4237-BA9B-CE673CFB2090}.Release|Any CPU.Build.0 = Release|Any CPU
		{688CFEEF-AD73-4237-BA9B-CE673CFB2090}.UNIT_TEST|Any CPU.ActiveCfg = Release|Any CPU
		{688CFEEF-AD73-4237-BA9B-CE673CFB2090}.UNIT_TEST|Any CPU.Build.0 = Release|Any CPU
		{98F6726D-A0F5-47CA-ADA1-9E77AD96B7D9}.Debug|Any CPU.ActiveCfg = Debug|Any CPU
		{98F6726D-A0F5-47CA-ADA1-9E77AD96B7D9}.Debug|Any CPU.Build.0 = Debug|Any CPU
		{98F6726D-A0F5-47CA-ADA1-9E77AD96B7D9}.Release|Any CPU.ActiveCfg = Release|Any CPU
		{98F6726D-A0F5-47CA-ADA1-9E77AD96B7D9}.Release|Any CPU.Build.0 = Release|Any CPU
		{98F6726D-A0F5-47CA-ADA1-9E77AD96B7D9}.UNIT_TEST|Any CPU.ActiveCfg = Release|Any CPU
		{98F6726D-A0F5-47CA-ADA1-9E77AD96B7D9}.UNIT_TEST|Any CPU.Build.0 = Release|Any CPU
		{E7482A61-D9EA-414F-9B4D-6650557EEFB5}.Debug|Any CPU.ActiveCfg = Debug|Any CPU
		{E7482A61-D9EA-414F-9B4D-6650557EEFB5}.Debug|Any CPU.Build.0 = Debug|Any CPU
		{E7482A61-D9EA-414F-9B4D-6650557EEFB5}.Release|Any CPU.ActiveCfg = Release|Any CPU
		{E7482A61-D9EA-414F-9B4D-6650557EEFB5}.Release|Any CPU.Build.0 = Release|Any CPU
		{E7482A61-D9EA-414F-9B4D-6650557EEFB5}.UNIT_TEST|Any CPU.ActiveCfg = Release|Any CPU
		{E7482A61-D9EA-414F-9B4D-6650557EEFB5}.UNIT_TEST|Any CPU.Build.0 = Release|Any CPU
		{01D22934-C475-40DF-9DA8-EA2F8F2BA247}.Debug|Any CPU.ActiveCfg = Debug|Any CPU
		{01D22934-C475-40DF-9DA8-EA2F8F2BA247}.Debug|Any CPU.Build.0 = Debug|Any CPU
		{01D22934-C475-40DF-9DA8-EA2F8F2BA247}.Release|Any CPU.ActiveCfg = Release|Any CPU
		{01D22934-C475-40DF-9DA8-EA2F8F2BA247}.Release|Any CPU.Build.0 = Release|Any CPU
		{01D22934-C475-40DF-9DA8-EA2F8F2BA247}.UNIT_TEST|Any CPU.ActiveCfg = Release|Any CPU
		{01D22934-C475-40DF-9DA8-EA2F8F2BA247}.UNIT_TEST|Any CPU.Build.0 = Release|Any CPU
		{F3731469-304B-4681-A8D0-BD19D36D9D93}.Debug|Any CPU.ActiveCfg = Debug|Any CPU
		{F3731469-304B-4681-A8D0-BD19D36D9D93}.Debug|Any CPU.Build.0 = Debug|Any CPU
		{F3731469-304B-4681-A8D0-BD19D36D9D93}.Release|Any CPU.ActiveCfg = Release|Any CPU
		{F3731469-304B-4681-A8D0-BD19D36D9D93}.Release|Any CPU.Build.0 = Release|Any CPU
		{F3731469-304B-4681-A8D0-BD19D36D9D93}.UNIT_TEST|Any CPU.ActiveCfg = Release|Any CPU
		{F3731469-304B-4681-A8D0-BD19D36D9D93}.UNIT_TEST|Any CPU.Build.0 = Release|Any CPU
		{CDC6C7C1-E634-48AE-8E10-D764E9C33D1F}.Debug|Any CPU.ActiveCfg = Debug|Any CPU
		{CDC6C7C1-E634-48AE-8E10-D764E9C33D1F}.Debug|Any CPU.Build.0 = Debug|Any CPU
		{CDC6C7C1-E634-48AE-8E10-D764E9C33D1F}.Release|Any CPU.ActiveCfg = Release|Any CPU
		{CDC6C7C1-E634-48AE-8E10-D764E9C33D1F}.Release|Any CPU.Build.0 = Release|Any CPU
		{CDC6C7C1-E634-48AE-8E10-D764E9C33D1F}.UNIT_TEST|Any CPU.ActiveCfg = UNIT_TEST|Any CPU
		{CDC6C7C1-E634-48AE-8E10-D764E9C33D1F}.UNIT_TEST|Any CPU.Build.0 = UNIT_TEST|Any CPU
		{CB0A3B3B-06BE-4663-9E66-2A575E8077E2}.Debug|Any CPU.ActiveCfg = Debug|Any CPU
		{CB0A3B3B-06BE-4663-9E66-2A575E8077E2}.Debug|Any CPU.Build.0 = Debug|Any CPU
		{CB0A3B3B-06BE-4663-9E66-2A575E8077E2}.Release|Any CPU.ActiveCfg = Release|Any CPU
		{CB0A3B3B-06BE-4663-9E66-2A575E8077E2}.Release|Any CPU.Build.0 = Release|Any CPU
		{CB0A3B3B-06BE-4663-9E66-2A575E8077E2}.UNIT_TEST|Any CPU.ActiveCfg = Debug|Any CPU
		{CB0A3B3B-06BE-4663-9E66-2A575E8077E2}.UNIT_TEST|Any CPU.Build.0 = Debug|Any CPU
		{B434BD99-6A44-4A4D-8126-3AC39B0F323F}.Debug|Any CPU.ActiveCfg = Debug|Any CPU
		{B434BD99-6A44-4A4D-8126-3AC39B0F323F}.Debug|Any CPU.Build.0 = Debug|Any CPU
		{B434BD99-6A44-4A4D-8126-3AC39B0F323F}.Release|Any CPU.ActiveCfg = Release|Any CPU
		{B434BD99-6A44-4A4D-8126-3AC39B0F323F}.Release|Any CPU.Build.0 = Release|Any CPU
		{B434BD99-6A44-4A4D-8126-3AC39B0F323F}.UNIT_TEST|Any CPU.ActiveCfg = Debug|Any CPU
		{B434BD99-6A44-4A4D-8126-3AC39B0F323F}.UNIT_TEST|Any CPU.Build.0 = Debug|Any CPU
		{F9DFA8A4-2423-47D9-949D-A03E9797216F}.Debug|Any CPU.ActiveCfg = Debug|Any CPU
		{F9DFA8A4-2423-47D9-949D-A03E9797216F}.Debug|Any CPU.Build.0 = Debug|Any CPU
		{F9DFA8A4-2423-47D9-949D-A03E9797216F}.Release|Any CPU.ActiveCfg = Release|Any CPU
		{F9DFA8A4-2423-47D9-949D-A03E9797216F}.Release|Any CPU.Build.0 = Release|Any CPU
		{F9DFA8A4-2423-47D9-949D-A03E9797216F}.UNIT_TEST|Any CPU.ActiveCfg = Debug|Any CPU
		{F9DFA8A4-2423-47D9-949D-A03E9797216F}.UNIT_TEST|Any CPU.Build.0 = Debug|Any CPU
		{3306913D-BC92-43EF-AF58-4780334B4A53}.Debug|Any CPU.ActiveCfg = Debug|Any CPU
		{3306913D-BC92-43EF-AF58-4780334B4A53}.Debug|Any CPU.Build.0 = Debug|Any CPU
		{3306913D-BC92-43EF-AF58-4780334B4A53}.Release|Any CPU.ActiveCfg = Release|Any CPU
		{3306913D-BC92-43EF-AF58-4780334B4A53}.Release|Any CPU.Build.0 = Release|Any CPU
		{3306913D-BC92-43EF-AF58-4780334B4A53}.UNIT_TEST|Any CPU.ActiveCfg = Debug|Any CPU
		{3306913D-BC92-43EF-AF58-4780334B4A53}.UNIT_TEST|Any CPU.Build.0 = Debug|Any CPU
		{5CB0B8FB-A2E6-4186-BC6C-E7F9413ED19E}.Debug|Any CPU.ActiveCfg = Debug|Any CPU
		{5CB0B8FB-A2E6-4186-BC6C-E7F9413ED19E}.Debug|Any CPU.Build.0 = Debug|Any CPU
		{5CB0B8FB-A2E6-4186-BC6C-E7F9413ED19E}.Release|Any CPU.ActiveCfg = Release|Any CPU
		{5CB0B8FB-A2E6-4186-BC6C-E7F9413ED19E}.Release|Any CPU.Build.0 = Release|Any CPU
		{5CB0B8FB-A2E6-4186-BC6C-E7F9413ED19E}.UNIT_TEST|Any CPU.ActiveCfg = Debug|Any CPU
		{5CB0B8FB-A2E6-4186-BC6C-E7F9413ED19E}.UNIT_TEST|Any CPU.Build.0 = Debug|Any CPU
		{3B13A90A-5C17-451D-97EA-A55A7608DAAD}.Debug|Any CPU.ActiveCfg = Debug|Any CPU
		{3B13A90A-5C17-451D-97EA-A55A7608DAAD}.Debug|Any CPU.Build.0 = Debug|Any CPU
		{3B13A90A-5C17-451D-97EA-A55A7608DAAD}.Release|Any CPU.ActiveCfg = Release|Any CPU
		{3B13A90A-5C17-451D-97EA-A55A7608DAAD}.Release|Any CPU.Build.0 = Release|Any CPU
		{3B13A90A-5C17-451D-97EA-A55A7608DAAD}.UNIT_TEST|Any CPU.ActiveCfg = Debug|Any CPU
		{3B13A90A-5C17-451D-97EA-A55A7608DAAD}.UNIT_TEST|Any CPU.Build.0 = Debug|Any CPU
		{113C2F9E-3E73-464A-BEB3-A40A3A3E0890}.Debug|Any CPU.ActiveCfg = Debug|Any CPU
		{113C2F9E-3E73-464A-BEB3-A40A3A3E0890}.Debug|Any CPU.Build.0 = Debug|Any CPU
		{113C2F9E-3E73-464A-BEB3-A40A3A3E0890}.Release|Any CPU.ActiveCfg = Release|Any CPU
		{113C2F9E-3E73-464A-BEB3-A40A3A3E0890}.Release|Any CPU.Build.0 = Release|Any CPU
		{113C2F9E-3E73-464A-BEB3-A40A3A3E0890}.UNIT_TEST|Any CPU.ActiveCfg = Debug|Any CPU
		{113C2F9E-3E73-464A-BEB3-A40A3A3E0890}.UNIT_TEST|Any CPU.Build.0 = Debug|Any CPU
	EndGlobalSection
	GlobalSection(SolutionProperties) = preSolution
		HideSolutionNode = FALSE
	EndGlobalSection
	GlobalSection(NestedProjects) = preSolution
		{EF63D05B-C3BD-4FFB-A08C-D621E8422FF2} = {9239E0AA-4617-4CA9-ADA3-7E6A9B92971A}
		{07126997-38CD-4B7D-8738-65B53F60FAA0} = {7A3D5CE0-128E-4F20-B734-4299FB08E23E}
		{CA961BE0-1299-41F9-93DC-D3D21A66A420} = {7A3D5CE0-128E-4F20-B734-4299FB08E23E}
		{6DFCCA28-2964-4D75-BAEB-E266D6F981B3} = {BE6C6DCE-C632-4106-919D-5A314F22B9AD}
		{123B62FF-9CDA-4ED9-9F53-42878700A13E} = {BE6C6DCE-C632-4106-919D-5A314F22B9AD}
		{B82A4E4F-B6C3-4581-B6FA-ED9E25EFA222} = {BE6C6DCE-C632-4106-919D-5A314F22B9AD}
		{CA93EA68-688E-4E3C-BDA6-7EE199F95855} = {B2D0878E-85D4-4AAB-8F4C-DD88C0240CD5}
		{013FBE39-2065-4360-91A7-AA15E13BB85C} = {693BA7FC-B54F-4FBC-BFB1-D054A5AB3661}
		{B2D0878E-85D4-4AAB-8F4C-DD88C0240CD5} = {693BA7FC-B54F-4FBC-BFB1-D054A5AB3661}
		{634119B6-2883-4BF4-9D68-089FDD7C8190} = {B2D0878E-85D4-4AAB-8F4C-DD88C0240CD5}
		{3B4BE888-1E5B-475C-A878-4280CD86077A} = {693BA7FC-B54F-4FBC-BFB1-D054A5AB3661}
		{F3C23DC1-95EB-4B42-8F7C-30D1B0B4B92A} = {3B4BE888-1E5B-475C-A878-4280CD86077A}
		{B40E8E99-72EB-416D-9F12-D8F30FAE5DE7} = {BE6C6DCE-C632-4106-919D-5A314F22B9AD}
		{D7C6B7AA-1A8C-44AA-B717-60FC4960737E} = {7A3D5CE0-128E-4F20-B734-4299FB08E23E}
		{3A9510F9-7607-42C4-9311-69E4BF10BEA7} = {7A3D5CE0-128E-4F20-B734-4299FB08E23E}
		{8025A085-63DB-4425-898B-AB735702C7F3} = {9239E0AA-4617-4CA9-ADA3-7E6A9B92971A}
		{A3F59DA4-4937-4C40-A65A-F334CB9EFE75} = {DE324CFC-8B12-4DF3-81FE-5A1022ADF6FE}
		{688CFEEF-AD73-4237-BA9B-CE673CFB2090} = {DE324CFC-8B12-4DF3-81FE-5A1022ADF6FE}
		{98F6726D-A0F5-47CA-ADA1-9E77AD96B7D9} = {DE324CFC-8B12-4DF3-81FE-5A1022ADF6FE}
		{E7482A61-D9EA-414F-9B4D-6650557EEFB5} = {DE324CFC-8B12-4DF3-81FE-5A1022ADF6FE}
		{01D22934-C475-40DF-9DA8-EA2F8F2BA247} = {DE324CFC-8B12-4DF3-81FE-5A1022ADF6FE}
		{F3731469-304B-4681-A8D0-BD19D36D9D93} = {DE324CFC-8B12-4DF3-81FE-5A1022ADF6FE}
		{CB0A3B3B-06BE-4663-9E66-2A575E8077E2} = {693BA7FC-B54F-4FBC-BFB1-D054A5AB3661}
		{A8B209D2-6A41-4B38-BD94-21071E3CF021} = {693BA7FC-B54F-4FBC-BFB1-D054A5AB3661}
		{B434BD99-6A44-4A4D-8126-3AC39B0F323F} = {A8B209D2-6A41-4B38-BD94-21071E3CF021}
		{F9DFA8A4-2423-47D9-949D-A03E9797216F} = {A8B209D2-6A41-4B38-BD94-21071E3CF021}
		{3306913D-BC92-43EF-AF58-4780334B4A53} = {982FD9C8-AA6A-400C-A2A3-6400E62744E8}
		{5CB0B8FB-A2E6-4186-BC6C-E7F9413ED19E} = {982FD9C8-AA6A-400C-A2A3-6400E62744E8}
		{3B13A90A-5C17-451D-97EA-A55A7608DAAD} = {7A3D5CE0-128E-4F20-B734-4299FB08E23E}
		{113C2F9E-3E73-464A-BEB3-A40A3A3E0890} = {7A3D5CE0-128E-4F20-B734-4299FB08E23E}
	EndGlobalSection
	GlobalSection(ExtensibilityGlobals) = postSolution
		SolutionGuid = {83D48E8A-28B4-448C-867B-1BE1F467517B}
	EndGlobalSection
EndGlobal
